
Microsoft Visual Studio Solution File, Format Version 12.00
# Visual Studio Version 17
VisualStudioVersion = 17.6.33815.320
MinimumVisualStudioVersion = 10.0.40219.1
Project("{FAE04EC0-301F-11D3-BF4B-00C04F79EFBC}") = "WpfApp2", "WpfApp2\WpfApp2.csproj", "{C323E666-AA22-4779-A56C-DE2FB1B852CA}"
EndProject
Global
	GlobalSection(SolutionConfigurationPlatforms) = preSolution
		Debug|Any CPU = Debug|Any CPU
		Release|Any CPU = Release|Any CPU
	EndGlobalSection
	GlobalSection(ProjectConfigurationPlatforms) = postSolution
		{C323E666-AA22-4779-A56C-DE2FB1B852CA}.Debug|Any CPU.ActiveCfg = Debug|Any CPU
		{C323E666-AA22-4779-A56C-DE2FB1B852CA}.Debug|Any CPU.Build.0 = Debug|Any CPU
		{C323E666-AA22-4779-A56C-DE2FB1B852CA}.Release|Any CPU.ActiveCfg = Release|Any CPU
		{C323E666-AA22-4779-A56C-DE2FB1B852CA}.Release|Any CPU.Build.0 = Release|Any CPU
	EndGlobalSection
	GlobalSection(SolutionProperties) = preSolution
		HideSolutionNode = FALSE
	EndGlobalSection
	GlobalSection(ExtensibilityGlobals) = postSolution
		SolutionGuid = {7D348968-21AA-4EC4-B902-10DA3F1BD8B0}
	EndGlobalSection
EndGlobal
